
Microsoft Visual Studio Solution File, Format Version 12.00
# Visual Studio Version 17
VisualStudioVersion = 17.11.35327.3
MinimumVisualStudioVersion = 10.0.40219.1
Project("{FAE04EC0-301F-11D3-BF4B-00C04F79EFBC}") = "AtividadeApp", "AtividadeApp\AtividadeApp.csproj", "{B76D3312-2F3F-49C4-B802-DCB381D4E82F}"
EndProject
Global
	GlobalSection(SolutionConfigurationPlatforms) = preSolution
		Debug|Any CPU = Debug|Any CPU
		Release|Any CPU = Release|Any CPU
	EndGlobalSection
	GlobalSection(ProjectConfigurationPlatforms) = postSolution
		{B76D3312-2F3F-49C4-B802-DCB381D4E82F}.Debug|Any CPU.ActiveCfg = Debug|Any CPU
		{B76D3312-2F3F-49C4-B802-DCB381D4E82F}.Debug|Any CPU.Build.0 = Debug|Any CPU
		{B76D3312-2F3F-49C4-B802-DCB381D4E82F}.Release|Any CPU.ActiveCfg = Release|Any CPU
		{B76D3312-2F3F-49C4-B802-DCB381D4E82F}.Release|Any CPU.Build.0 = Release|Any CPU
	EndGlobalSection
	GlobalSection(SolutionProperties) = preSolution
		HideSolutionNode = FALSE
	EndGlobalSection
	GlobalSection(ExtensibilityGlobals) = postSolution
		SolutionGuid = {37ADE50C-D273-4070-8248-AE11816F677D}
	EndGlobalSection
EndGlobal
